
Microsoft Visual Studio Solution File, Format Version 12.00
# Visual Studio Version 16
VisualStudioVersion = 16.0.29519.87
MinimumVisualStudioVersion = 10.0.40219.1
Project("{8BC9CEB8-8B4A-11D0-8D11-00A0C91BC942}") = "00010_200322_10799_쇠맥대기", "00010_200322_10799_쇠맥대기\00010_200322_10799_쇠맥대기.vcxproj", "{B3A0B5D5-ED80-40AC-B1E2-B1E1FC17577E}"
EndProject
Global
	GlobalSection(SolutionConfigurationPlatforms) = preSolution
		Debug|x64 = Debug|x64
		Debug|x86 = Debug|x86
		Release|x64 = Release|x64
		Release|x86 = Release|x86
	EndGlobalSection
	GlobalSection(ProjectConfigurationPlatforms) = postSolution
		{B3A0B5D5-ED80-40AC-B1E2-B1E1FC17577E}.Debug|x64.ActiveCfg = Debug|x64
		{B3A0B5D5-ED80-40AC-B1E2-B1E1FC17577E}.Debug|x64.Build.0 = Debug|x64
		{B3A0B5D5-ED80-40AC-B1E2-B1E1FC17577E}.Debug|x86.ActiveCfg = Debug|Win32
		{B3A0B5D5-ED80-40AC-B1E2-B1E1FC17577E}.Debug|x86.Build.0 = Debug|Win32
		{B3A0B5D5-ED80-40AC-B1E2-B1E1FC17577E}.Release|x64.ActiveCfg = Release|x64
		{B3A0B5D5-ED80-40AC-B1E2-B1E1FC17577E}.Release|x64.Build.0 = Release|x64
		{B3A0B5D5-ED80-40AC-B1E2-B1E1FC17577E}.Release|x86.ActiveCfg = Release|Win32
		{B3A0B5D5-ED80-40AC-B1E2-B1E1FC17577E}.Release|x86.Build.0 = Release|Win32
	EndGlobalSection
	GlobalSection(SolutionProperties) = preSolution
		HideSolutionNode = FALSE
	EndGlobalSection
	GlobalSection(ExtensibilityGlobals) = postSolution
		SolutionGuid = {56E866A8-82AB-4D1C-9F0B-AD6E2EA7FFA0}
	EndGlobalSection
EndGlobal
