
Microsoft Visual Studio Solution File, Format Version 12.00
# Visual Studio Version 16
VisualStudioVersion = 16.0.29519.87
MinimumVisualStudioVersion = 10.0.40219.1
Project("{8BC9CEB8-8B4A-11D0-8D11-00A0C91BC942}") = "0017_200404_2609_최대공약수와 최소공배수", "0017_200404_2609_최대공약수와 최소공배수\0017_200404_2609_최대공약수와 최소공배수.vcxproj", "{98A4A2E1-3150-4631-8E73-243EA42993D7}"
EndProject
Global
	GlobalSection(SolutionConfigurationPlatforms) = preSolution
		Debug|x64 = Debug|x64
		Debug|x86 = Debug|x86
		Release|x64 = Release|x64
		Release|x86 = Release|x86
	EndGlobalSection
	GlobalSection(ProjectConfigurationPlatforms) = postSolution
		{98A4A2E1-3150-4631-8E73-243EA42993D7}.Debug|x64.ActiveCfg = Debug|x64
		{98A4A2E1-3150-4631-8E73-243EA42993D7}.Debug|x64.Build.0 = Debug|x64
		{98A4A2E1-3150-4631-8E73-243EA42993D7}.Debug|x86.ActiveCfg = Debug|Win32
		{98A4A2E1-3150-4631-8E73-243EA42993D7}.Debug|x86.Build.0 = Debug|Win32
		{98A4A2E1-3150-4631-8E73-243EA42993D7}.Release|x64.ActiveCfg = Release|x64
		{98A4A2E1-3150-4631-8E73-243EA42993D7}.Release|x64.Build.0 = Release|x64
		{98A4A2E1-3150-4631-8E73-243EA42993D7}.Release|x86.ActiveCfg = Release|Win32
		{98A4A2E1-3150-4631-8E73-243EA42993D7}.Release|x86.Build.0 = Release|Win32
	EndGlobalSection
	GlobalSection(SolutionProperties) = preSolution
		HideSolutionNode = FALSE
	EndGlobalSection
	GlobalSection(ExtensibilityGlobals) = postSolution
		SolutionGuid = {56FCF48F-C5E2-4556-A2EF-2C445E63F322}
	EndGlobalSection
EndGlobal
