
Microsoft Visual Studio Solution File, Format Version 12.00
# Visual Studio Version 16
VisualStudioVersion = 16.0.29519.87
MinimumVisualStudioVersion = 10.0.40219.1
Project("{8BC9CEB8-8B4A-11D0-8D11-00A0C91BC942}") = "0006_200318_1406", "0006_200318_1406\0006_200318_1406.vcxproj", "{FB9BBD1A-5C32-4D7F-87AF-5FB63A36CA59}"
EndProject
Global
	GlobalSection(SolutionConfigurationPlatforms) = preSolution
		Debug|x64 = Debug|x64
		Debug|x86 = Debug|x86
		Release|x64 = Release|x64
		Release|x86 = Release|x86
	EndGlobalSection
	GlobalSection(ProjectConfigurationPlatforms) = postSolution
		{FB9BBD1A-5C32-4D7F-87AF-5FB63A36CA59}.Debug|x64.ActiveCfg = Debug|x64
		{FB9BBD1A-5C32-4D7F-87AF-5FB63A36CA59}.Debug|x64.Build.0 = Debug|x64
		{FB9BBD1A-5C32-4D7F-87AF-5FB63A36CA59}.Debug|x86.ActiveCfg = Debug|Win32
		{FB9BBD1A-5C32-4D7F-87AF-5FB63A36CA59}.Debug|x86.Build.0 = Debug|Win32
		{FB9BBD1A-5C32-4D7F-87AF-5FB63A36CA59}.Release|x64.ActiveCfg = Release|x64
		{FB9BBD1A-5C32-4D7F-87AF-5FB63A36CA59}.Release|x64.Build.0 = Release|x64
		{FB9BBD1A-5C32-4D7F-87AF-5FB63A36CA59}.Release|x86.ActiveCfg = Release|Win32
		{FB9BBD1A-5C32-4D7F-87AF-5FB63A36CA59}.Release|x86.Build.0 = Release|Win32
	EndGlobalSection
	GlobalSection(SolutionProperties) = preSolution
		HideSolutionNode = FALSE
	EndGlobalSection
	GlobalSection(ExtensibilityGlobals) = postSolution
		SolutionGuid = {AD703931-7C96-4731-848A-550548D55B49}
	EndGlobalSection
EndGlobal
